
Microsoft Visual Studio Solution File, Format Version 12.00
# Visual Studio Version 16
VisualStudioVersion = 16.0.30621.155
MinimumVisualStudioVersion = 10.0.40219.1
Project("{FAE04EC0-301F-11D3-BF4B-00C04F79EFBC}") = "apotek", "apotek\apotek.csproj", "{BA40DF32-D2D7-4F68-9118-9CEF57DFF9F0}"
EndProject
Global
	GlobalSection(SolutionConfigurationPlatforms) = preSolution
		Debug|Any CPU = Debug|Any CPU
		Release|Any CPU = Release|Any CPU
	EndGlobalSection
	GlobalSection(ProjectConfigurationPlatforms) = postSolution
		{BA40DF32-D2D7-4F68-9118-9CEF57DFF9F0}.Debug|Any CPU.ActiveCfg = Debug|Any CPU
		{BA40DF32-D2D7-4F68-9118-9CEF57DFF9F0}.Debug|Any CPU.Build.0 = Debug|Any CPU
		{BA40DF32-D2D7-4F68-9118-9CEF57DFF9F0}.Release|Any CPU.ActiveCfg = Release|Any CPU
		{BA40DF32-D2D7-4F68-9118-9CEF57DFF9F0}.Release|Any CPU.Build.0 = Release|Any CPU
	EndGlobalSection
	GlobalSection(SolutionProperties) = preSolution
		HideSolutionNode = FALSE
	EndGlobalSection
	GlobalSection(ExtensibilityGlobals) = postSolution
		SolutionGuid = {05B214D1-31C8-40CC-9E2C-8490BFB7D530}
	EndGlobalSection
EndGlobal
